
Microsoft Visual Studio Solution File, Format Version 12.00
# Visual Studio 15
VisualStudioVersion = 15.0.27703.2035
MinimumVisualStudioVersion = 10.0.40219.1
Project("{FAE04EC0-301F-11D3-BF4B-00C04F79EFBC}") = "EquipmentManage", "EquipmentManage\EquipmentManage.csproj", "{6FDF4C8E-63D3-4F34-B39A-0E8CEEFC5559}"
EndProject
Global
	GlobalSection(SolutionConfigurationPlatforms) = preSolution
		Debug|Any CPU = Debug|Any CPU
		Release|Any CPU = Release|Any CPU
	EndGlobalSection
	GlobalSection(ProjectConfigurationPlatforms) = postSolution
		{6FDF4C8E-63D3-4F34-B39A-0E8CEEFC5559}.Debug|Any CPU.ActiveCfg = Debug|Any CPU
		{6FDF4C8E-63D3-4F34-B39A-0E8CEEFC5559}.Debug|Any CPU.Build.0 = Debug|Any CPU
		{6FDF4C8E-63D3-4F34-B39A-0E8CEEFC5559}.Release|Any CPU.ActiveCfg = Release|Any CPU
		{6FDF4C8E-63D3-4F34-B39A-0E8CEEFC5559}.Release|Any CPU.Build.0 = Release|Any CPU
	EndGlobalSection
	GlobalSection(SolutionProperties) = preSolution
		HideSolutionNode = FALSE
	EndGlobalSection
	GlobalSection(ExtensibilityGlobals) = postSolution
		SolutionGuid = {EE12678D-6E52-4F32-9110-2ABBBF1BF640}
	EndGlobalSection
EndGlobal
